
Microsoft Visual Studio Solution File, Format Version 12.00
# Visual Studio Version 16
VisualStudioVersion = 16.0.30128.74
MinimumVisualStudioVersion = 10.0.40219.1
Project("{FAE04EC0-301F-11D3-BF4B-00C04F79EFBC}") = "FnSync", "FnSync.csproj", "{06F280A9-52CD-4555-A659-810C2F7951A0}"
EndProject
Project("{C7167F0D-BC9F-4E6E-AFE1-012C56B48DB5}") = "FnSyncPackage", "FnSyncPackage\FnSyncPackage.wapproj", "{5075C872-09FF-4280-A42F-04E2BB616853}"
EndProject
Project("{C7167F0D-BC9F-4E6E-AFE1-012C56B48DB5}") = "FnSyncSideload", "FnSyncSideload\FnSyncSideload.wapproj", "{798858FC-CCBB-435B-A851-D8BCFEEBF8B3}"
EndProject
Project("{930C7802-8A8C-48F9-8165-68863BCCD9DD}") = "WixInstaller", "wix\WixInstaller.wixproj", "{3C410864-BE13-410C-9A4A-0E8611FA0F68}"
EndProject
Global
	GlobalSection(SolutionConfigurationPlatforms) = preSolution
		Debug|Any CPU = Debug|Any CPU
		Debug|ARM = Debug|ARM
		Debug|ARM64 = Debug|ARM64
		Debug|x64 = Debug|x64
		Debug|x86 = Debug|x86
		Release|Any CPU = Release|Any CPU
		Release|ARM = Release|ARM
		Release|ARM64 = Release|ARM64
		Release|x64 = Release|x64
		Release|x86 = Release|x86
	EndGlobalSection
	GlobalSection(ProjectConfigurationPlatforms) = postSolution
		{06F280A9-52CD-4555-A659-810C2F7951A0}.Debug|Any CPU.ActiveCfg = Debug|x86
		{06F280A9-52CD-4555-A659-810C2F7951A0}.Debug|Any CPU.Build.0 = Debug|x86
		{06F280A9-52CD-4555-A659-810C2F7951A0}.Debug|ARM.ActiveCfg = Debug|Any CPU
		{06F280A9-52CD-4555-A659-810C2F7951A0}.Debug|ARM.Build.0 = Debug|Any CPU
		{06F280A9-52CD-4555-A659-810C2F7951A0}.Debug|ARM64.ActiveCfg = Debug|Any CPU
		{06F280A9-52CD-4555-A659-810C2F7951A0}.Debug|ARM64.Build.0 = Debug|Any CPU
		{06F280A9-52CD-4555-A659-810C2F7951A0}.Debug|x64.ActiveCfg = Debug|x64
		{06F280A9-52CD-4555-A659-810C2F7951A0}.Debug|x64.Build.0 = Debug|x64
		{06F280A9-52CD-4555-A659-810C2F7951A0}.Debug|x86.ActiveCfg = Debug|x86
		{06F280A9-52CD-4555-A659-810C2F7951A0}.Debug|x86.Build.0 = Debug|x86
		{06F280A9-52CD-4555-A659-810C2F7951A0}.Release|Any CPU.ActiveCfg = Release|Any CPU
		{06F280A9-52CD-4555-A659-810C2F7951A0}.Release|Any CPU.Build.0 = Release|Any CPU
		{06F280A9-52CD-4555-A659-810C2F7951A0}.Release|ARM.ActiveCfg = Release|Any CPU
		{06F280A9-52CD-4555-A659-810C2F7951A0}.Release|ARM.Build.0 = Release|Any CPU
		{06F280A9-52CD-4555-A659-810C2F7951A0}.Release|ARM64.ActiveCfg = Release|Any CPU
		{06F280A9-52CD-4555-A659-810C2F7951A0}.Release|ARM64.Build.0 = Release|Any CPU
		{06F280A9-52CD-4555-A659-810C2F7951A0}.Release|x64.ActiveCfg = Release|x64
		{06F280A9-52CD-4555-A659-810C2F7951A0}.Release|x64.Build.0 = Release|x64
		{06F280A9-52CD-4555-A659-810C2F7951A0}.Release|x86.ActiveCfg = Release|x86
		{06F280A9-52CD-4555-A659-810C2F7951A0}.Release|x86.Build.0 = Release|x86
		{5075C872-09FF-4280-A42F-04E2BB616853}.Debug|Any CPU.ActiveCfg = Debug|Any CPU
		{5075C872-09FF-4280-A42F-04E2BB616853}.Debug|Any CPU.Build.0 = Debug|Any CPU
		{5075C872-09FF-4280-A42F-04E2BB616853}.Debug|Any CPU.Deploy.0 = Debug|Any CPU
		{5075C872-09FF-4280-A42F-04E2BB616853}.Debug|ARM.ActiveCfg = Debug|ARM
		{5075C872-09FF-4280-A42F-04E2BB616853}.Debug|ARM.Build.0 = Debug|ARM
		{5075C872-09FF-4280-A42F-04E2BB616853}.Debug|ARM.Deploy.0 = Debug|ARM
		{5075C872-09FF-4280-A42F-04E2BB616853}.Debug|ARM64.ActiveCfg = Debug|ARM64
		{5075C872-09FF-4280-A42F-04E2BB616853}.Debug|ARM64.Build.0 = Debug|ARM64
		{5075C872-09FF-4280-A42F-04E2BB616853}.Debug|ARM64.Deploy.0 = Debug|ARM64
		{5075C872-09FF-4280-A42F-04E2BB616853}.Debug|x64.ActiveCfg = Debug|x64
		{5075C872-09FF-4280-A42F-04E2BB616853}.Debug|x64.Build.0 = Debug|x64
		{5075C872-09FF-4280-A42F-04E2BB616853}.Debug|x64.Deploy.0 = Debug|x64
		{5075C872-09FF-4280-A42F-04E2BB616853}.Debug|x86.ActiveCfg = Debug|x86
		{5075C872-09FF-4280-A42F-04E2BB616853}.Debug|x86.Build.0 = Debug|x86
		{5075C872-09FF-4280-A42F-04E2BB616853}.Debug|x86.Deploy.0 = Debug|x86
		{5075C872-09FF-4280-A42F-04E2BB616853}.Release|Any CPU.ActiveCfg = Release|Any CPU
		{5075C872-09FF-4280-A42F-04E2BB616853}.Release|Any CPU.Build.0 = Release|Any CPU
		{5075C872-09FF-4280-A42F-04E2BB616853}.Release|Any CPU.Deploy.0 = Release|Any CPU
		{5075C872-09FF-4280-A42F-04E2BB616853}.Release|ARM.ActiveCfg = Release|ARM
		{5075C872-09FF-4280-A42F-04E2BB616853}.Release|ARM.Build.0 = Release|ARM
		{5075C872-09FF-4280-A42F-04E2BB616853}.Release|ARM.Deploy.0 = Release|ARM
		{5075C872-09FF-4280-A42F-04E2BB616853}.Release|ARM64.ActiveCfg = Release|ARM64
		{5075C872-09FF-4280-A42F-04E2BB616853}.Release|ARM64.Build.0 = Release|ARM64
		{5075C872-09FF-4280-A42F-04E2BB616853}.Release|ARM64.Deploy.0 = Release|ARM64
		{5075C872-09FF-4280-A42F-04E2BB616853}.Release|x64.ActiveCfg = Release|x64
		{5075C872-09FF-4280-A42F-04E2BB616853}.Release|x64.Build.0 = Release|x64
		{5075C872-09FF-4280-A42F-04E2BB616853}.Release|x64.Deploy.0 = Release|x64
		{5075C872-09FF-4280-A42F-04E2BB616853}.Release|x86.ActiveCfg = Release|x86
		{5075C872-09FF-4280-A42F-04E2BB616853}.Release|x86.Build.0 = Release|x86
		{5075C872-09FF-4280-A42F-04E2BB616853}.Release|x86.Deploy.0 = Release|x86
		{798858FC-CCBB-435B-A851-D8BCFEEBF8B3}.Debug|Any CPU.ActiveCfg = Debug|Any CPU
		{798858FC-CCBB-435B-A851-D8BCFEEBF8B3}.Debug|Any CPU.Build.0 = Debug|Any CPU
		{798858FC-CCBB-435B-A851-D8BCFEEBF8B3}.Debug|Any CPU.Deploy.0 = Debug|Any CPU
		{798858FC-CCBB-435B-A851-D8BCFEEBF8B3}.Debug|ARM.ActiveCfg = Debug|ARM
		{798858FC-CCBB-435B-A851-D8BCFEEBF8B3}.Debug|ARM.Build.0 = Debug|ARM
		{798858FC-CCBB-435B-A851-D8BCFEEBF8B3}.Debug|ARM.Deploy.0 = Debug|ARM
		{798858FC-CCBB-435B-A851-D8BCFEEBF8B3}.Debug|ARM64.ActiveCfg = Debug|ARM64
		{798858FC-CCBB-435B-A851-D8BCFEEBF8B3}.Debug|ARM64.Build.0 = Debug|ARM64
		{798858FC-CCBB-435B-A851-D8BCFEEBF8B3}.Debug|ARM64.Deploy.0 = Debug|ARM64
		{798858FC-CCBB-435B-A851-D8BCFEEBF8B3}.Debug|x64.ActiveCfg = Debug|x64
		{798858FC-CCBB-435B-A851-D8BCFEEBF8B3}.Debug|x64.Build.0 = Debug|x64
		{798858FC-CCBB-435B-A851-D8BCFEEBF8B3}.Debug|x64.Deploy.0 = Debug|x64
		{798858FC-CCBB-435B-A851-D8BCFEEBF8B3}.Debug|x86.ActiveCfg = Debug|x86
		{798858FC-CCBB-435B-A851-D8BCFEEBF8B3}.Debug|x86.Build.0 = Debug|x86
		{798858FC-CCBB-435B-A851-D8BCFEEBF8B3}.Debug|x86.Deploy.0 = Debug|x86
		{798858FC-CCBB-435B-A851-D8BCFEEBF8B3}.Release|Any CPU.ActiveCfg = Release|Any CPU
		{798858FC-CCBB-435B-A851-D8BCFEEBF8B3}.Release|Any CPU.Build.0 = Release|Any CPU
		{798858FC-CCBB-435B-A851-D8BCFEEBF8B3}.Release|Any CPU.Deploy.0 = Release|Any CPU
		{798858FC-CCBB-435B-A851-D8BCFEEBF8B3}.Release|ARM.ActiveCfg = Release|ARM
		{798858FC-CCBB-435B-A851-D8BCFEEBF8B3}.Release|ARM.Build.0 = Release|ARM
		{798858FC-CCBB-435B-A851-D8BCFEEBF8B3}.Release|ARM.Deploy.0 = Release|ARM
		{798858FC-CCBB-435B-A851-D8BCFEEBF8B3}.Release|ARM64.ActiveCfg = Release|ARM64
		{798858FC-CCBB-435B-A851-D8BCFEEBF8B3}.Release|ARM64.Build.0 = Release|ARM64
		{798858FC-CCBB-435B-A851-D8BCFEEBF8B3}.Release|ARM64.Deploy.0 = Release|ARM64
		{798858FC-CCBB-435B-A851-D8BCFEEBF8B3}.Release|x64.ActiveCfg = Release|x64
		{798858FC-CCBB-435B-A851-D8BCFEEBF8B3}.Release|x64.Build.0 = Release|x64
		{798858FC-CCBB-435B-A851-D8BCFEEBF8B3}.Release|x64.Deploy.0 = Release|x64
		{798858FC-CCBB-435B-A851-D8BCFEEBF8B3}.Release|x86.ActiveCfg = Release|x86
		{798858FC-CCBB-435B-A851-D8BCFEEBF8B3}.Release|x86.Build.0 = Release|x86
		{798858FC-CCBB-435B-A851-D8BCFEEBF8B3}.Release|x86.Deploy.0 = Release|x86
		{3C410864-BE13-410C-9A4A-0E8611FA0F68}.Debug|Any CPU.ActiveCfg = Debug|x86
		{3C410864-BE13-410C-9A4A-0E8611FA0F68}.Debug|ARM.ActiveCfg = Debug|x86
		{3C410864-BE13-410C-9A4A-0E8611FA0F68}.Debug|ARM64.ActiveCfg = Debug|x86
		{3C410864-BE13-410C-9A4A-0E8611FA0F68}.Debug|x64.ActiveCfg = Debug|x64
		{3C410864-BE13-410C-9A4A-0E8611FA0F68}.Debug|x64.Build.0 = Debug|x64
		{3C410864-BE13-410C-9A4A-0E8611FA0F68}.Debug|x86.ActiveCfg = Debug|x86
		{3C410864-BE13-410C-9A4A-0E8611FA0F68}.Debug|x86.Build.0 = Debug|x86
		{3C410864-BE13-410C-9A4A-0E8611FA0F68}.Release|Any CPU.ActiveCfg = Release|x86
		{3C410864-BE13-410C-9A4A-0E8611FA0F68}.Release|ARM.ActiveCfg = Release|x86
		{3C410864-BE13-410C-9A4A-0E8611FA0F68}.Release|ARM64.ActiveCfg = Release|x86
		{3C410864-BE13-410C-9A4A-0E8611FA0F68}.Release|x64.ActiveCfg = Release|x64
		{3C410864-BE13-410C-9A4A-0E8611FA0F68}.Release|x86.ActiveCfg = Release|x86
		{3C410864-BE13-410C-9A4A-0E8611FA0F68}.Release|x86.Build.0 = Release|x86
	EndGlobalSection
	GlobalSection(SolutionProperties) = preSolution
		HideSolutionNode = FALSE
	EndGlobalSection
	GlobalSection(ExtensibilityGlobals) = postSolution
		SolutionGuid = {7645B168-8967-4B7E-8B74-78D79DBFCC71}
	EndGlobalSection
EndGlobal
